{
  "name": "@webcomponents/litwebcomponents",
  "version": "0.1.0",
  "lockfileVersion": 1,
  "requires": true,
  "dependencies": {
    "lit-element": {
      "version": "2.0.1",
      "resolved": "https://registry.npmjs.org/lit-element/-/lit-element-2.0.1.tgz",
      "integrity": "sha1-nsWHHTtkSH9DLHwHHfgO8DHXCRs=",
      "requires": {
        "lit-html": "^1.0.0"
      }
    },
    "lit-html": {
      "version": "1.0.0",
      "resolved": "https://registry.npmjs.org/lit-html/-/lit-html-1.0.0.tgz",
      "integrity": "sha1-PcN4GoymiptcL/KmHiY2YrmyJns="
    }
  }
}
